
Microsoft Visual Studio Solution File, Format Version 12.00
# Visual Studio Version 17
VisualStudioVersion = 17.12.35527.113 d17.12
MinimumVisualStudioVersion = 10.0.40219.1
Project("{8BC9CEB8-8B4A-11D0-8D11-00A0C91BC942}") = "OpenClosed", "OpenClosed.vcxproj", "{333CFE88-238E-48B3-B0F6-DC389EA24893}"
EndProject
Global
	GlobalSection(SolutionConfigurationPlatforms) = preSolution
		Debug|x64 = Debug|x64
		Debug|x86 = Debug|x86
		Release|x64 = Release|x64
		Release|x86 = Release|x86
	EndGlobalSection
	GlobalSection(ProjectConfigurationPlatforms) = postSolution
		{333CFE88-238E-48B3-B0F6-DC389EA24893}.Debug|x64.ActiveCfg = Debug|x64
		{333CFE88-238E-48B3-B0F6-DC389EA24893}.Debug|x64.Build.0 = Debug|x64
		{333CFE88-238E-48B3-B0F6-DC389EA24893}.Debug|x86.ActiveCfg = Debug|Win32
		{333CFE88-238E-48B3-B0F6-DC389EA24893}.Debug|x86.Build.0 = Debug|Win32
		{333CFE88-238E-48B3-B0F6-DC389EA24893}.Release|x64.ActiveCfg = Release|x64
		{333CFE88-238E-48B3-B0F6-DC389EA24893}.Release|x64.Build.0 = Release|x64
		{333CFE88-238E-48B3-B0F6-DC389EA24893}.Release|x86.ActiveCfg = Release|Win32
		{333CFE88-238E-48B3-B0F6-DC389EA24893}.Release|x86.Build.0 = Release|Win32
	EndGlobalSection
	GlobalSection(SolutionProperties) = preSolution
		HideSolutionNode = FALSE
	EndGlobalSection
EndGlobal
